
Microsoft Visual Studio Solution File, Format Version 12.00
# Visual Studio Version 16
VisualStudioVersion = 16.0.30804.86
MinimumVisualStudioVersion = 10.0.40219.1
Project("{FAE04EC0-301F-11D3-BF4B-00C04F79EFBC}") = "AtliKarinca", "AtliKarinca\AtliKarinca.csproj", "{3229E3D5-32C0-4FBC-8160-690735206082}"
EndProject
Global
	GlobalSection(SolutionConfigurationPlatforms) = preSolution
		Debug|Any CPU = Debug|Any CPU
		Release|Any CPU = Release|Any CPU
	EndGlobalSection
	GlobalSection(ProjectConfigurationPlatforms) = postSolution
		{3229E3D5-32C0-4FBC-8160-690735206082}.Debug|Any CPU.ActiveCfg = Debug|Any CPU
		{3229E3D5-32C0-4FBC-8160-690735206082}.Debug|Any CPU.Build.0 = Debug|Any CPU
		{3229E3D5-32C0-4FBC-8160-690735206082}.Release|Any CPU.ActiveCfg = Release|Any CPU
		{3229E3D5-32C0-4FBC-8160-690735206082}.Release|Any CPU.Build.0 = Release|Any CPU
	EndGlobalSection
	GlobalSection(SolutionProperties) = preSolution
		HideSolutionNode = FALSE
	EndGlobalSection
	GlobalSection(ExtensibilityGlobals) = postSolution
		SolutionGuid = {72E11737-1620-4DD0-9E96-1B4D6668CC03}
	EndGlobalSection
EndGlobal
